
Microsoft Visual Studio Solution File, Format Version 12.00
# Visual Studio Version 16
VisualStudioVersion = 16.0.30320.27
MinimumVisualStudioVersion = 10.0.40219.1
Project("{8BC9CEB8-8B4A-11D0-8D11-00A0C91BC942}") = "JointInputCurrentEstimation", "JointInputCurrentEstimation\JointInputCurrentEstimation.vcxproj", "{A42CA2DD-29F6-495E-8A06-CEC2611FF1AD}"
EndProject
Global
	GlobalSection(SolutionConfigurationPlatforms) = preSolution
		Debug|x64 = Debug|x64
		Debug|x86 = Debug|x86
		Release|x64 = Release|x64
		Release|x86 = Release|x86
	EndGlobalSection
	GlobalSection(ProjectConfigurationPlatforms) = postSolution
		{A42CA2DD-29F6-495E-8A06-CEC2611FF1AD}.Debug|x64.ActiveCfg = Debug|x64
		{A42CA2DD-29F6-495E-8A06-CEC2611FF1AD}.Debug|x64.Build.0 = Debug|x64
		{A42CA2DD-29F6-495E-8A06-CEC2611FF1AD}.Debug|x86.ActiveCfg = Debug|Win32
		{A42CA2DD-29F6-495E-8A06-CEC2611FF1AD}.Debug|x86.Build.0 = Debug|Win32
		{A42CA2DD-29F6-495E-8A06-CEC2611FF1AD}.Release|x64.ActiveCfg = Release|x64
		{A42CA2DD-29F6-495E-8A06-CEC2611FF1AD}.Release|x64.Build.0 = Release|x64
		{A42CA2DD-29F6-495E-8A06-CEC2611FF1AD}.Release|x86.ActiveCfg = Release|Win32
		{A42CA2DD-29F6-495E-8A06-CEC2611FF1AD}.Release|x86.Build.0 = Release|Win32
	EndGlobalSection
	GlobalSection(SolutionProperties) = preSolution
		HideSolutionNode = FALSE
	EndGlobalSection
	GlobalSection(ExtensibilityGlobals) = postSolution
		SolutionGuid = {57749264-69E2-4156-BC9F-01094F450C47}
	EndGlobalSection
EndGlobal
